# This file is @generated by PDM.
# It is not intended for manual editing.

[metadata]
groups = ["default", "dev"]
strategy = ["inherit_metadata"]
lock_version = "4.5.0"
content_hash = "sha256:7b5c652bcb00c434c1f7cba1c0ef0d2e403930dcc777ca9f27cab04cfa0e2933"

[[metadata.targets]]
requires_python = ">=3.13"

[[package]]
name = "asgiref"
version = "3.11.0"
requires_python = ">=3.9"
summary = "ASGI specs, helper code, and adapters"
groups = ["default", "dev"]
dependencies = [
    "typing-extensions>=4; python_version < \"3.11\"",
]
files = [
    {file = "asgiref-3.11.0-py3-none-any.whl", hash = "sha256:1db9021efadb0d9512ce8ffaf72fcef601c7b73a8807a1bb2ef143dc6b14846d"},
    {file = "asgiref-3.11.0.tar.gz", hash = "sha256:13acff32519542a1736223fb79a715acdebe24286d98e8b164a73085f40da2c4"},
]

[[package]]
name = "django"
version = "6.0"
requires_python = ">=3.12"
summary = "A high-level Python web framework that encourages rapid development and clean, pragmatic design."
groups = ["default", "dev"]
dependencies = [
    "asgiref>=3.9.1",
    "sqlparse>=0.5.0",
    "tzdata; sys_platform == \"win32\"",
]
files = [
    {file = "django-6.0-py3-none-any.whl", hash = "sha256:1cc2c7344303bbfb7ba5070487c17f7fc0b7174bbb0a38cebf03c675f5f19b6d"},
    {file = "django-6.0.tar.gz", hash = "sha256:7b0c1f50c0759bbe6331c6a39c89ae022a84672674aeda908784617ef47d8e26"},
]

[[package]]
name = "django-stubs"
version = "5.2.8"
requires_python = ">=3.10"
summary = "Mypy stubs for Django"
groups = ["dev"]
dependencies = [
    "django",
    "django-stubs-ext>=5.2.8",
    "tomli; python_full_version < \"3.11\"",
    "types-pyyaml",
    "typing-extensions>=4.11.0",
]
files = [
    {file = "django_stubs-5.2.8-py3-none-any.whl", hash = "sha256:a3c63119fd7062ac63d58869698d07c9e5ec0561295c4e700317c54e8d26716c"},
    {file = "django_stubs-5.2.8.tar.gz", hash = "sha256:9bba597c9a8ed8c025cae4696803d5c8be1cf55bfc7648a084cbf864187e2f8b"},
]

[[package]]
name = "django-stubs-ext"
version = "5.2.8"
requires_python = ">=3.10"
summary = "Monkey-patching and extensions for django-stubs"
groups = ["dev"]
dependencies = [
    "django",
    "typing-extensions",
]
files = [
    {file = "django_stubs_ext-5.2.8-py3-none-any.whl", hash = "sha256:1dd5470c9675591362c78a157a3cf8aec45d0e7a7f0cf32f227a1363e54e0652"},
    {file = "django_stubs_ext-5.2.8.tar.gz", hash = "sha256:b39938c46d7a547cd84e4a6378dbe51a3dd64d70300459087229e5fee27e5c6b"},
]

[[package]]
name = "djangorestframework"
version = "3.16.1"
requires_python = ">=3.9"
summary = "Web APIs for Django, made easy."
groups = ["default"]
dependencies = [
    "django>=4.2",
]
files = [
    {file = "djangorestframework-3.16.1-py3-none-any.whl", hash = "sha256:33a59f47fb9c85ede792cbf88bde71893bcda0667bc573f784649521f1102cec"},
    {file = "djangorestframework-3.16.1.tar.gz", hash = "sha256:166809528b1aced0a17dc66c24492af18049f2c9420dbd0be29422029cfc3ff7"},
]

[[package]]
name = "sqlparse"
version = "0.5.4"
requires_python = ">=3.8"
summary = "A non-validating SQL parser."
groups = ["default", "dev"]
files = [
    {file = "sqlparse-0.5.4-py3-none-any.whl", hash = "sha256:99a9f0314977b76d776a0fcb8554de91b9bb8a18560631d6bc48721d07023dcb"},
    {file = "sqlparse-0.5.4.tar.gz", hash = "sha256:4396a7d3cf1cd679c1be976cf3dc6e0a51d0111e87787e7a8d780e7d5a998f9e"},
]

[[package]]
name = "types-pyyaml"
version = "6.0.12.20250915"
requires_python = ">=3.9"
summary = "Typing stubs for PyYAML"
groups = ["dev"]
files = [
    {file = "types_pyyaml-6.0.12.20250915-py3-none-any.whl", hash = "sha256:e7d4d9e064e89a3b3cae120b4990cd370874d2bf12fa5f46c97018dd5d3c9ab6"},
    {file = "types_pyyaml-6.0.12.20250915.tar.gz", hash = "sha256:0f8b54a528c303f0e6f7165687dd33fafa81c807fcac23f632b63aa624ced1d3"},
]

[[package]]
name = "typing-extensions"
version = "4.15.0"
requires_python = ">=3.9"
summary = "Backported and Experimental Type Hints for Python 3.9+"
groups = ["dev"]
files = [
    {file = "typing_extensions-4.15.0-py3-none-any.whl", hash = "sha256:f0fa19c6845758ab08074a0cfa8b7aecb71c999ca73d62883bc25cc018c4e548"},
    {file = "typing_extensions-4.15.0.tar.gz", hash = "sha256:0cea48d173cc12fa28ecabc3b837ea3cf6f38c6d1136f85cbaaf598984861466"},
]

[[package]]
name = "tzdata"
version = "2025.3"
requires_python = ">=2"
summary = "Provider of IANA time zone data"
groups = ["default", "dev"]
marker = "sys_platform == \"win32\""
files = [
    {file = "tzdata-2025.3-py2.py3-none-any.whl", hash = "sha256:06a47e5700f3081aab02b2e513160914ff0694bce9947d6b76ebd6bf57cfc5d1"},
    {file = "tzdata-2025.3.tar.gz", hash = "sha256:de39c2ca5dc7b0344f2eba86f49d614019d29f060fc4ebc8a417896a620b56a7"},
]
